
Microsoft Visual Studio Solution File, Format Version 12.00
# Visual Studio Version 17
VisualStudioVersion = 17.11.35303.130
MinimumVisualStudioVersion = 10.0.40219.1
Project("{2150E333-8FDC-42A3-9474-1A3956D46DE8}") = "Task0", "Task0", "{FF0AF07C-9560-4154-927E-D36BC2C8551A}"
EndProject
Project("{9A19103F-16F7-4668-BE54-9A1E7A4F7556}") = "Tyuiu.ChelolyanAE.Sprint6.Task0.V25.Lib", "Tyuiu.ChelolyanAE.Sprint6.Task0.V25.Lib\Tyuiu.ChelolyanAE.Sprint6.Task0.V25.Lib.csproj", "{53E394A5-1381-49CE-8711-F99FC3D8C67F}"
EndProject
Project("{9A19103F-16F7-4668-BE54-9A1E7A4F7556}") = "Tyuiu.ChelolyanAE.Sprint6.Task0.V25.Test", "Tyuiu.ChelolyanAE.Sprint6.Task0.V25.Test\Tyuiu.ChelolyanAE.Sprint6.Task0.V25.Test.csproj", "{60846FE1-F6EE-45D3-AEAC-827DD38932CB}"
EndProject
Project("{9A19103F-16F7-4668-BE54-9A1E7A4F7556}") = "Tyuiu.ChelolyanAE.Sprint6.Task0.V25", "Tyuiu.ChelolyanAE.Sprint6.Task0.V25\Tyuiu.ChelolyanAE.Sprint6.Task0.V25.csproj", "{3B42C837-0F2A-4F8E-9337-9E7882F965F9}"
EndProject
Project("{2150E333-8FDC-42A3-9474-1A3956D46DE8}") = "Task1", "Task1", "{39C1FBCC-4298-4686-BC6A-670F5E22F893}"
EndProject
Project("{9A19103F-16F7-4668-BE54-9A1E7A4F7556}") = "Tyuiu.ChelolyanAE.Sprint6.Task1.V20.Lib", "Tyuiu.ChelolyanAE.Sprint6.Task1.V20.Lib\Tyuiu.ChelolyanAE.Sprint6.Task1.V20.Lib.csproj", "{47DA9ACF-8347-46AC-81CC-78481816E58A}"
EndProject
Project("{9A19103F-16F7-4668-BE54-9A1E7A4F7556}") = "Tyuiu.ChelolyanAE.Sprint6.Task1.V20.Test", "Tyuiu.ChelolyanAE.Sprint6.Task1.V20.Test\Tyuiu.ChelolyanAE.Sprint6.Task1.V20.Test.csproj", "{0CDAFD50-E36C-4525-B5C4-EB1023BF6310}"
EndProject
Project("{9A19103F-16F7-4668-BE54-9A1E7A4F7556}") = "Tyuiu.ChelolyanAE.Sprint6.Task1.V20", "Tyuiu.ChelolyanAE.Sprint6.Task1.V20\Tyuiu.ChelolyanAE.Sprint6.Task1.V20.csproj", "{42EA8539-EA8D-438A-8C08-271BD4B39D53}"
EndProject
Project("{2150E333-8FDC-42A3-9474-1A3956D46DE8}") = "Task2", "Task2", "{9DE4849E-7952-42D6-8FAE-91ABC27378D7}"
EndProject
Project("{9A19103F-16F7-4668-BE54-9A1E7A4F7556}") = "Tyuiu.ChelolyanAE.Sprint6.Task2.V25.Lib", "Tyuiu.ChelolyanAE.Sprint6.Task2.V25.Lib\Tyuiu.ChelolyanAE.Sprint6.Task2.V25.Lib.csproj", "{C37A7191-FF11-4493-A561-CA9352BFE9EB}"
EndProject
Project("{9A19103F-16F7-4668-BE54-9A1E7A4F7556}") = "Tyuiu.ChelolyanAE.Sprint6.Task2.V25.Test", "Tyuiu.ChelolyanAE.Sprint6.Task2.V25.Test\Tyuiu.ChelolyanAE.Sprint6.Task2.V25.Test.csproj", "{62732FA0-EEF1-4F55-91B3-35F60B431EDC}"
EndProject
Project("{9A19103F-16F7-4668-BE54-9A1E7A4F7556}") = "Tyuiu.ChelolyanAE.Sprint6.Task2.V25", "Tyuiu.ChelolyanAE.Sprint6.Task2.V25\Tyuiu.ChelolyanAE.Sprint6.Task2.V25.csproj", "{90DCE1E6-2D1B-4946-BA81-4125E4EC5E51}"
EndProject
Project("{2150E333-8FDC-42A3-9474-1A3956D46DE8}") = "Task3", "Task3", "{53BCFB38-C610-4049-83D6-2D32E29B68D0}"
EndProject
Project("{9A19103F-16F7-4668-BE54-9A1E7A4F7556}") = "Tyuiu.ChelolyanAE.Sprint6.Task3.V11.Lib", "Tyuiu.ChelolyanAE.Sprint6.Task3.V11.Lib\Tyuiu.ChelolyanAE.Sprint6.Task3.V11.Lib.csproj", "{AE48274E-14BE-464A-93D8-30144BA5F8F1}"
EndProject
Project("{9A19103F-16F7-4668-BE54-9A1E7A4F7556}") = "Tyuiu.ChelolyanAE.Sprint6.Task3.V11.Test", "Tyuiu.ChelolyanAE.Sprint6.Task3.V11.Test\Tyuiu.ChelolyanAE.Sprint6.Task3.V11.Test.csproj", "{6FFA7626-E913-43BF-BA00-9C5AD01BDD72}"
EndProject
Project("{9A19103F-16F7-4668-BE54-9A1E7A4F7556}") = "Tyuiu.ChelolyanAE.Sprint6.Task3.V11", "Tyuiu.ChelolyanAE.Sprint6.Task3.V11\Tyuiu.ChelolyanAE.Sprint6.Task3.V11.csproj", "{2F7CFD42-0722-4E3D-A75E-200C8F48C36E}"
EndProject
Project("{2150E333-8FDC-42A3-9474-1A3956D46DE8}") = "Task4", "Task4", "{E91A8633-E797-41FC-94FB-398854520796}"
EndProject
Project("{9A19103F-16F7-4668-BE54-9A1E7A4F7556}") = "Tyuiu.ChelolyanAE.Sprint6.Task4.V13.Lib", "Tyuiu.ChelolyanAE.Sprint6.Task4.V13.Lib\Tyuiu.ChelolyanAE.Sprint6.Task4.V13.Lib.csproj", "{A456CB00-3619-44A3-86AC-DD8AA785194A}"
EndProject
Project("{9A19103F-16F7-4668-BE54-9A1E7A4F7556}") = "Tyuiu.ChelolyanAE.Sprint6.Task4.V13.Test", "Tyuiu.ChelolyanAE.Sprint6.Task4.V13.Test\Tyuiu.ChelolyanAE.Sprint6.Task4.V13.Test.csproj", "{CB454A6A-B441-4589-9E0C-489F9F44EECB}"
EndProject
Project("{9A19103F-16F7-4668-BE54-9A1E7A4F7556}") = "Tyuiu.ChelolyanAE.Sprint6.Task4.V13", "Tyuiu.ChelolyanAE.Sprint6.Task4.V13\Tyuiu.ChelolyanAE.Sprint6.Task4.V13.csproj", "{E77C3565-F6C5-4677-BF13-1DB4B35364B5}"
EndProject
Project("{2150E333-8FDC-42A3-9474-1A3956D46DE8}") = "Task5", "Task5", "{5F077A8D-446D-48FB-B5DD-A25699EC8C46}"
EndProject
Project("{FAE04EC0-301F-11D3-BF4B-00C04F79EFBC}") = "Tyuiu.ChelolyanAE.Sprint6.Task5.V18.Lib", "Tyuiu.ChelolyanAE.Sprint6.Task5.V18.Lib\Tyuiu.ChelolyanAE.Sprint6.Task5.V18.Lib.csproj", "{B1F3D0CC-DE57-4CB3-94A2-59317BBDEFCB}"
EndProject
Project("{FAE04EC0-301F-11D3-BF4B-00C04F79EFBC}") = "Tyuiu.ChelolyanAE.Sprint6.Task5.V18.Test", "Tyuiu.ChelolyanAE.Sprint6.Task5.V18.Test\Tyuiu.ChelolyanAE.Sprint6.Task5.V18.Test.csproj", "{B372F45A-F9B5-4826-A892-389EE5D939EA}"
EndProject
Project("{FAE04EC0-301F-11D3-BF4B-00C04F79EFBC}") = "Tyuiu.ChelolyanAE.Sprint6.Task5.V18", "Tyuiu.ChelolyanAE.Sprint6.Task5.V18\Tyuiu.ChelolyanAE.Sprint6.Task5.V18.csproj", "{127977EF-E868-4DD2-BE0E-5B264808BFAD}"
EndProject
Project("{2150E333-8FDC-42A3-9474-1A3956D46DE8}") = "Task6", "Task6", "{57B9FE7A-4E0C-499A-801A-80F32BEB1E2B}"
EndProject
Project("{FAE04EC0-301F-11D3-BF4B-00C04F79EFBC}") = "Tyuiu.ChelolyanAE.Sprint6.Task6.V30.Lib", "Tyuiu.ChelolyanAE.Sprint6.Task6.V30.Lib\Tyuiu.ChelolyanAE.Sprint6.Task6.V30.Lib.csproj", "{882B70EA-5307-42B4-87E1-6A498268BCC3}"
EndProject
Project("{FAE04EC0-301F-11D3-BF4B-00C04F79EFBC}") = "Tyuiu.ChelolyanAE.Sprint6.Task6.V30.Test", "Tyuiu.ChelolyanAE.Sprint6.Task6.V30.Test\Tyuiu.ChelolyanAE.Sprint6.Task6.V30.Test.csproj", "{132B62FA-6DC7-46F7-A7C2-1E5D5E2C22E2}"
EndProject
Project("{FAE04EC0-301F-11D3-BF4B-00C04F79EFBC}") = "Tyuiu.ChelolyanAE.Sprint6.Task6.V30", "Tyuiu.ChelolyanAE.Sprint6.Task6.V30\Tyuiu.ChelolyanAE.Sprint6.Task6.V30.csproj", "{67CA35E8-35B2-45F8-8C2C-20EA6EDBDA40}"
EndProject
Global
	GlobalSection(SolutionConfigurationPlatforms) = preSolution
		Debug|Any CPU = Debug|Any CPU
		Release|Any CPU = Release|Any CPU
	EndGlobalSection
	GlobalSection(ProjectConfigurationPlatforms) = postSolution
		{53E394A5-1381-49CE-8711-F99FC3D8C67F}.Debug|Any CPU.ActiveCfg = Debug|Any CPU
		{53E394A5-1381-49CE-8711-F99FC3D8C67F}.Debug|Any CPU.Build.0 = Debug|Any CPU
		{53E394A5-1381-49CE-8711-F99FC3D8C67F}.Release|Any CPU.ActiveCfg = Release|Any CPU
		{53E394A5-1381-49CE-8711-F99FC3D8C67F}.Release|Any CPU.Build.0 = Release|Any CPU
		{60846FE1-F6EE-45D3-AEAC-827DD38932CB}.Debug|Any CPU.ActiveCfg = Debug|Any CPU
		{60846FE1-F6EE-45D3-AEAC-827DD38932CB}.Debug|Any CPU.Build.0 = Debug|Any CPU
		{60846FE1-F6EE-45D3-AEAC-827DD38932CB}.Release|Any CPU.ActiveCfg = Release|Any CPU
		{60846FE1-F6EE-45D3-AEAC-827DD38932CB}.Release|Any CPU.Build.0 = Release|Any CPU
		{3B42C837-0F2A-4F8E-9337-9E7882F965F9}.Debug|Any CPU.ActiveCfg = Debug|Any CPU
		{3B42C837-0F2A-4F8E-9337-9E7882F965F9}.Debug|Any CPU.Build.0 = Debug|Any CPU
		{3B42C837-0F2A-4F8E-9337-9E7882F965F9}.Release|Any CPU.ActiveCfg = Release|Any CPU
		{3B42C837-0F2A-4F8E-9337-9E7882F965F9}.Release|Any CPU.Build.0 = Release|Any CPU
		{47DA9ACF-8347-46AC-81CC-78481816E58A}.Debug|Any CPU.ActiveCfg = Debug|Any CPU
		{47DA9ACF-8347-46AC-81CC-78481816E58A}.Debug|Any CPU.Build.0 = Debug|Any CPU
		{47DA9ACF-8347-46AC-81CC-78481816E58A}.Release|Any CPU.ActiveCfg = Release|Any CPU
		{47DA9ACF-8347-46AC-81CC-78481816E58A}.Release|Any CPU.Build.0 = Release|Any CPU
		{0CDAFD50-E36C-4525-B5C4-EB1023BF6310}.Debug|Any CPU.ActiveCfg = Debug|Any CPU
		{0CDAFD50-E36C-4525-B5C4-EB1023BF6310}.Debug|Any CPU.Build.0 = Debug|Any CPU
		{0CDAFD50-E36C-4525-B5C4-EB1023BF6310}.Release|Any CPU.ActiveCfg = Release|Any CPU
		{0CDAFD50-E36C-4525-B5C4-EB1023BF6310}.Release|Any CPU.Build.0 = Release|Any CPU
		{42EA8539-EA8D-438A-8C08-271BD4B39D53}.Debug|Any CPU.ActiveCfg = Debug|Any CPU
		{42EA8539-EA8D-438A-8C08-271BD4B39D53}.Debug|Any CPU.Build.0 = Debug|Any CPU
		{42EA8539-EA8D-438A-8C08-271BD4B39D53}.Release|Any CPU.ActiveCfg = Release|Any CPU
		{42EA8539-EA8D-438A-8C08-271BD4B39D53}.Release|Any CPU.Build.0 = Release|Any CPU
		{C37A7191-FF11-4493-A561-CA9352BFE9EB}.Debug|Any CPU.ActiveCfg = Debug|Any CPU
		{C37A7191-FF11-4493-A561-CA9352BFE9EB}.Debug|Any CPU.Build.0 = Debug|Any CPU
		{C37A7191-FF11-4493-A561-CA9352BFE9EB}.Release|Any CPU.ActiveCfg = Release|Any CPU
		{C37A7191-FF11-4493-A561-CA9352BFE9EB}.Release|Any CPU.Build.0 = Release|Any CPU
		{62732FA0-EEF1-4F55-91B3-35F60B431EDC}.Debug|Any CPU.ActiveCfg = Debug|Any CPU
		{62732FA0-EEF1-4F55-91B3-35F60B431EDC}.Debug|Any CPU.Build.0 = Debug|Any CPU
		{62732FA0-EEF1-4F55-91B3-35F60B431EDC}.Release|Any CPU.ActiveCfg = Release|Any CPU
		{62732FA0-EEF1-4F55-91B3-35F60B431EDC}.Release|Any CPU.Build.0 = Release|Any CPU
		{90DCE1E6-2D1B-4946-BA81-4125E4EC5E51}.Debug|Any CPU.ActiveCfg = Debug|Any CPU
		{90DCE1E6-2D1B-4946-BA81-4125E4EC5E51}.Debug|Any CPU.Build.0 = Debug|Any CPU
		{90DCE1E6-2D1B-4946-BA81-4125E4EC5E51}.Release|Any CPU.ActiveCfg = Release|Any CPU
		{90DCE1E6-2D1B-4946-BA81-4125E4EC5E51}.Release|Any CPU.Build.0 = Release|Any CPU
		{AE48274E-14BE-464A-93D8-30144BA5F8F1}.Debug|Any CPU.ActiveCfg = Debug|Any CPU
		{AE48274E-14BE-464A-93D8-30144BA5F8F1}.Debug|Any CPU.Build.0 = Debug|Any CPU
		{AE48274E-14BE-464A-93D8-30144BA5F8F1}.Release|Any CPU.ActiveCfg = Release|Any CPU
		{AE48274E-14BE-464A-93D8-30144BA5F8F1}.Release|Any CPU.Build.0 = Release|Any CPU
		{6FFA7626-E913-43BF-BA00-9C5AD01BDD72}.Debug|Any CPU.ActiveCfg = Debug|Any CPU
		{6FFA7626-E913-43BF-BA00-9C5AD01BDD72}.Debug|Any CPU.Build.0 = Debug|Any CPU
		{6FFA7626-E913-43BF-BA00-9C5AD01BDD72}.Release|Any CPU.ActiveCfg = Release|Any CPU
		{6FFA7626-E913-43BF-BA00-9C5AD01BDD72}.Release|Any CPU.Build.0 = Release|Any CPU
		{2F7CFD42-0722-4E3D-A75E-200C8F48C36E}.Debug|Any CPU.ActiveCfg = Debug|Any CPU
		{2F7CFD42-0722-4E3D-A75E-200C8F48C36E}.Debug|Any CPU.Build.0 = Debug|Any CPU
		{2F7CFD42-0722-4E3D-A75E-200C8F48C36E}.Release|Any CPU.ActiveCfg = Release|Any CPU
		{2F7CFD42-0722-4E3D-A75E-200C8F48C36E}.Release|Any CPU.Build.0 = Release|Any CPU
		{A456CB00-3619-44A3-86AC-DD8AA785194A}.Debug|Any CPU.ActiveCfg = Debug|Any CPU
		{A456CB00-3619-44A3-86AC-DD8AA785194A}.Debug|Any CPU.Build.0 = Debug|Any CPU
		{A456CB00-3619-44A3-86AC-DD8AA785194A}.Release|Any CPU.ActiveCfg = Release|Any CPU
		{A456CB00-3619-44A3-86AC-DD8AA785194A}.Release|Any CPU.Build.0 = Release|Any CPU
		{CB454A6A-B441-4589-9E0C-489F9F44EECB}.Debug|Any CPU.ActiveCfg = Debug|Any CPU
		{CB454A6A-B441-4589-9E0C-489F9F44EECB}.Debug|Any CPU.Build.0 = Debug|Any CPU
		{CB454A6A-B441-4589-9E0C-489F9F44EECB}.Release|Any CPU.ActiveCfg = Release|Any CPU
		{CB454A6A-B441-4589-9E0C-489F9F44EECB}.Release|Any CPU.Build.0 = Release|Any CPU
		{E77C3565-F6C5-4677-BF13-1DB4B35364B5}.Debug|Any CPU.ActiveCfg = Debug|Any CPU
		{E77C3565-F6C5-4677-BF13-1DB4B35364B5}.Debug|Any CPU.Build.0 = Debug|Any CPU
		{E77C3565-F6C5-4677-BF13-1DB4B35364B5}.Release|Any CPU.ActiveCfg = Release|Any CPU
		{E77C3565-F6C5-4677-BF13-1DB4B35364B5}.Release|Any CPU.Build.0 = Release|Any CPU
		{B1F3D0CC-DE57-4CB3-94A2-59317BBDEFCB}.Debug|Any CPU.ActiveCfg = Debug|Any CPU
		{B1F3D0CC-DE57-4CB3-94A2-59317BBDEFCB}.Debug|Any CPU.Build.0 = Debug|Any CPU
		{B1F3D0CC-DE57-4CB3-94A2-59317BBDEFCB}.Release|Any CPU.ActiveCfg = Release|Any CPU
		{B1F3D0CC-DE57-4CB3-94A2-59317BBDEFCB}.Release|Any CPU.Build.0 = Release|Any CPU
		{B372F45A-F9B5-4826-A892-389EE5D939EA}.Debug|Any CPU.ActiveCfg = Debug|Any CPU
		{B372F45A-F9B5-4826-A892-389EE5D939EA}.Debug|Any CPU.Build.0 = Debug|Any CPU
		{B372F45A-F9B5-4826-A892-389EE5D939EA}.Release|Any CPU.ActiveCfg = Release|Any CPU
		{B372F45A-F9B5-4826-A892-389EE5D939EA}.Release|Any CPU.Build.0 = Release|Any CPU
		{127977EF-E868-4DD2-BE0E-5B264808BFAD}.Debug|Any CPU.ActiveCfg = Debug|Any CPU
		{127977EF-E868-4DD2-BE0E-5B264808BFAD}.Debug|Any CPU.Build.0 = Debug|Any CPU
		{127977EF-E868-4DD2-BE0E-5B264808BFAD}.Release|Any CPU.ActiveCfg = Release|Any CPU
		{127977EF-E868-4DD2-BE0E-5B264808BFAD}.Release|Any CPU.Build.0 = Release|Any CPU
		{882B70EA-5307-42B4-87E1-6A498268BCC3}.Debug|Any CPU.ActiveCfg = Debug|Any CPU
		{882B70EA-5307-42B4-87E1-6A498268BCC3}.Debug|Any CPU.Build.0 = Debug|Any CPU
		{882B70EA-5307-42B4-87E1-6A498268BCC3}.Release|Any CPU.ActiveCfg = Release|Any CPU
		{882B70EA-5307-42B4-87E1-6A498268BCC3}.Release|Any CPU.Build.0 = Release|Any CPU
		{132B62FA-6DC7-46F7-A7C2-1E5D5E2C22E2}.Debug|Any CPU.ActiveCfg = Debug|Any CPU
		{132B62FA-6DC7-46F7-A7C2-1E5D5E2C22E2}.Debug|Any CPU.Build.0 = Debug|Any CPU
		{132B62FA-6DC7-46F7-A7C2-1E5D5E2C22E2}.Release|Any CPU.ActiveCfg = Release|Any CPU
		{132B62FA-6DC7-46F7-A7C2-1E5D5E2C22E2}.Release|Any CPU.Build.0 = Release|Any CPU
		{67CA35E8-35B2-45F8-8C2C-20EA6EDBDA40}.Debug|Any CPU.ActiveCfg = Debug|Any CPU
		{67CA35E8-35B2-45F8-8C2C-20EA6EDBDA40}.Debug|Any CPU.Build.0 = Debug|Any CPU
		{67CA35E8-35B2-45F8-8C2C-20EA6EDBDA40}.Release|Any CPU.ActiveCfg = Release|Any CPU
		{67CA35E8-35B2-45F8-8C2C-20EA6EDBDA40}.Release|Any CPU.Build.0 = Release|Any CPU
	EndGlobalSection
	GlobalSection(SolutionProperties) = preSolution
		HideSolutionNode = FALSE
	EndGlobalSection
	GlobalSection(NestedProjects) = preSolution
		{53E394A5-1381-49CE-8711-F99FC3D8C67F} = {FF0AF07C-9560-4154-927E-D36BC2C8551A}
		{60846FE1-F6EE-45D3-AEAC-827DD38932CB} = {FF0AF07C-9560-4154-927E-D36BC2C8551A}
		{3B42C837-0F2A-4F8E-9337-9E7882F965F9} = {FF0AF07C-9560-4154-927E-D36BC2C8551A}
		{47DA9ACF-8347-46AC-81CC-78481816E58A} = {39C1FBCC-4298-4686-BC6A-670F5E22F893}
		{0CDAFD50-E36C-4525-B5C4-EB1023BF6310} = {39C1FBCC-4298-4686-BC6A-670F5E22F893}
		{42EA8539-EA8D-438A-8C08-271BD4B39D53} = {39C1FBCC-4298-4686-BC6A-670F5E22F893}
		{C37A7191-FF11-4493-A561-CA9352BFE9EB} = {9DE4849E-7952-42D6-8FAE-91ABC27378D7}
		{62732FA0-EEF1-4F55-91B3-35F60B431EDC} = {9DE4849E-7952-42D6-8FAE-91ABC27378D7}
		{90DCE1E6-2D1B-4946-BA81-4125E4EC5E51} = {9DE4849E-7952-42D6-8FAE-91ABC27378D7}
		{AE48274E-14BE-464A-93D8-30144BA5F8F1} = {53BCFB38-C610-4049-83D6-2D32E29B68D0}
		{6FFA7626-E913-43BF-BA00-9C5AD01BDD72} = {53BCFB38-C610-4049-83D6-2D32E29B68D0}
		{2F7CFD42-0722-4E3D-A75E-200C8F48C36E} = {53BCFB38-C610-4049-83D6-2D32E29B68D0}
		{A456CB00-3619-44A3-86AC-DD8AA785194A} = {E91A8633-E797-41FC-94FB-398854520796}
		{CB454A6A-B441-4589-9E0C-489F9F44EECB} = {E91A8633-E797-41FC-94FB-398854520796}
		{E77C3565-F6C5-4677-BF13-1DB4B35364B5} = {E91A8633-E797-41FC-94FB-398854520796}
		{B1F3D0CC-DE57-4CB3-94A2-59317BBDEFCB} = {5F077A8D-446D-48FB-B5DD-A25699EC8C46}
		{B372F45A-F9B5-4826-A892-389EE5D939EA} = {5F077A8D-446D-48FB-B5DD-A25699EC8C46}
		{127977EF-E868-4DD2-BE0E-5B264808BFAD} = {5F077A8D-446D-48FB-B5DD-A25699EC8C46}
		{882B70EA-5307-42B4-87E1-6A498268BCC3} = {57B9FE7A-4E0C-499A-801A-80F32BEB1E2B}
		{132B62FA-6DC7-46F7-A7C2-1E5D5E2C22E2} = {57B9FE7A-4E0C-499A-801A-80F32BEB1E2B}
		{67CA35E8-35B2-45F8-8C2C-20EA6EDBDA40} = {57B9FE7A-4E0C-499A-801A-80F32BEB1E2B}
	EndGlobalSection
	GlobalSection(ExtensibilityGlobals) = postSolution
		SolutionGuid = {268998D2-0071-491C-99AF-F81ACC9A07CE}
	EndGlobalSection
EndGlobal
